
Microsoft Visual Studio Solution File, Format Version 12.00
# Visual Studio 15
Project("{FAE04EC0-301F-11D3-BF4B-00C04F79EFBC}") = "DatingApp.API", "DatingApp.API.csproj", "{077454ED-AEE5-4702-B0DD-758B55B243AF}"
EndProject
Global
	GlobalSection(SolutionConfigurationPlatforms) = preSolution
		Debug|Any CPU = Debug|Any CPU
		Release|Any CPU = Release|Any CPU
	EndGlobalSection
	GlobalSection(ProjectConfigurationPlatforms) = postSolution
		{077454ED-AEE5-4702-B0DD-758B55B243AF}.Debug|Any CPU.ActiveCfg = Debug|Any CPU
		{077454ED-AEE5-4702-B0DD-758B55B243AF}.Debug|Any CPU.Build.0 = Debug|Any CPU
		{077454ED-AEE5-4702-B0DD-758B55B243AF}.Release|Any CPU.ActiveCfg = Release|Any CPU
		{077454ED-AEE5-4702-B0DD-758B55B243AF}.Release|Any CPU.Build.0 = Release|Any CPU
	EndGlobalSection
EndGlobal
