
Microsoft Visual Studio Solution File, Format Version 12.00
Project("{FAE04EC0-301F-11D3-BF4B-00C04F79EFBC}") = "DatingApp.Api", "DatingApp.Api\DatingApp.Api.csproj", "{418EBD70-ADEB-4F14-BD7A-9F7D527C326B}"
EndProject
Global
	GlobalSection(SolutionConfigurationPlatforms) = preSolution
		Debug|Any CPU = Debug|Any CPU
		Release|Any CPU = Release|Any CPU
	EndGlobalSection
	GlobalSection(ProjectConfigurationPlatforms) = postSolution
		{418EBD70-ADEB-4F14-BD7A-9F7D527C326B}.Debug|Any CPU.ActiveCfg = Debug|Any CPU
		{418EBD70-ADEB-4F14-BD7A-9F7D527C326B}.Debug|Any CPU.Build.0 = Debug|Any CPU
		{418EBD70-ADEB-4F14-BD7A-9F7D527C326B}.Release|Any CPU.ActiveCfg = Release|Any CPU
		{418EBD70-ADEB-4F14-BD7A-9F7D527C326B}.Release|Any CPU.Build.0 = Release|Any CPU
	EndGlobalSection
EndGlobal
